
Microsoft Visual Studio Solution File, Format Version 12.00
# Visual Studio 15
VisualStudioVersion = 15.0.26124.0
MinimumVisualStudioVersion = 15.0.26124.0
Project("{2150E333-8FDC-42A3-9474-1A3956D46DE8}") = "src", "src", "{09B38C47-1985-4010-8677-8294060DAA38}"
EndProject
Project("{FAE04EC0-301F-11D3-BF4B-00C04F79EFBC}") = "IdentityServer", "src\IdentityServer\IdentityServer.csproj", "{C20FCB20-C1A0-42FC-A6ED-7EFF8DA4E91B}"
EndProject
Global
	GlobalSection(SolutionConfigurationPlatforms) = preSolution
		Debug|Any CPU = Debug|Any CPU
		Debug|x64 = Debug|x64
		Debug|x86 = Debug|x86
		Release|Any CPU = Release|Any CPU
		Release|x64 = Release|x64
		Release|x86 = Release|x86
	EndGlobalSection
	GlobalSection(SolutionProperties) = preSolution
		HideSolutionNode = FALSE
	EndGlobalSection
	GlobalSection(ProjectConfigurationPlatforms) = postSolution
		{C20FCB20-C1A0-42FC-A6ED-7EFF8DA4E91B}.Debug|Any CPU.ActiveCfg = Debug|Any CPU
		{C20FCB20-C1A0-42FC-A6ED-7EFF8DA4E91B}.Debug|Any CPU.Build.0 = Debug|Any CPU
		{C20FCB20-C1A0-42FC-A6ED-7EFF8DA4E91B}.Debug|x64.ActiveCfg = Debug|Any CPU
		{C20FCB20-C1A0-42FC-A6ED-7EFF8DA4E91B}.Debug|x64.Build.0 = Debug|Any CPU
		{C20FCB20-C1A0-42FC-A6ED-7EFF8DA4E91B}.Debug|x86.ActiveCfg = Debug|Any CPU
		{C20FCB20-C1A0-42FC-A6ED-7EFF8DA4E91B}.Debug|x86.Build.0 = Debug|Any CPU
		{C20FCB20-C1A0-42FC-A6ED-7EFF8DA4E91B}.Release|Any CPU.ActiveCfg = Release|Any CPU
		{C20FCB20-C1A0-42FC-A6ED-7EFF8DA4E91B}.Release|Any CPU.Build.0 = Release|Any CPU
		{C20FCB20-C1A0-42FC-A6ED-7EFF8DA4E91B}.Release|x64.ActiveCfg = Release|Any CPU
		{C20FCB20-C1A0-42FC-A6ED-7EFF8DA4E91B}.Release|x64.Build.0 = Release|Any CPU
		{C20FCB20-C1A0-42FC-A6ED-7EFF8DA4E91B}.Release|x86.ActiveCfg = Release|Any CPU
		{C20FCB20-C1A0-42FC-A6ED-7EFF8DA4E91B}.Release|x86.Build.0 = Release|Any CPU
	EndGlobalSection
	GlobalSection(NestedProjects) = preSolution
		{C20FCB20-C1A0-42FC-A6ED-7EFF8DA4E91B} = {09B38C47-1985-4010-8677-8294060DAA38}
	EndGlobalSection
EndGlobal
